
Microsoft Visual Studio Solution File, Format Version 12.00
# Visual Studio Version 17
VisualStudioVersion = 17.3.32819.101
MinimumVisualStudioVersion = 10.0.40219.1
Project("{9A19103F-16F7-4668-BE54-9A1E7A4F7556}") = "TodoSystem", "TodoSystem\TodoSystem.csproj", "{BAC76027-B12F-4FAA-933B-A93951E864BC}"
EndProject
Project("{FAE04EC0-301F-11D3-BF4B-00C04F79EFBC}") = "TodoUnitTests", "TodoUnitTests\TodoUnitTests.csproj", "{C90796B1-2D1F-43C8-B3BD-C05751FDE58C}"
EndProject
Global
	GlobalSection(SolutionConfigurationPlatforms) = preSolution
		Debug|Any CPU = Debug|Any CPU
		Release|Any CPU = Release|Any CPU
	EndGlobalSection
	GlobalSection(ProjectConfigurationPlatforms) = postSolution
		{BAC76027-B12F-4FAA-933B-A93951E864BC}.Debug|Any CPU.ActiveCfg = Debug|Any CPU
		{BAC76027-B12F-4FAA-933B-A93951E864BC}.Debug|Any CPU.Build.0 = Debug|Any CPU
		{BAC76027-B12F-4FAA-933B-A93951E864BC}.Release|Any CPU.ActiveCfg = Release|Any CPU
		{BAC76027-B12F-4FAA-933B-A93951E864BC}.Release|Any CPU.Build.0 = Release|Any CPU
		{C90796B1-2D1F-43C8-B3BD-C05751FDE58C}.Debug|Any CPU.ActiveCfg = Debug|Any CPU
		{C90796B1-2D1F-43C8-B3BD-C05751FDE58C}.Debug|Any CPU.Build.0 = Debug|Any CPU
		{C90796B1-2D1F-43C8-B3BD-C05751FDE58C}.Release|Any CPU.ActiveCfg = Release|Any CPU
		{C90796B1-2D1F-43C8-B3BD-C05751FDE58C}.Release|Any CPU.Build.0 = Release|Any CPU
	EndGlobalSection
	GlobalSection(SolutionProperties) = preSolution
		HideSolutionNode = FALSE
	EndGlobalSection
	GlobalSection(ExtensibilityGlobals) = postSolution
		SolutionGuid = {5A8C8200-D2D1-4E14-8CC0-CD513E0679A7}
	EndGlobalSection
EndGlobal
